
Microsoft Visual Studio Solution File, Format Version 12.00
# Visual Studio 15
Project("{FAE04EC0-301F-11D3-BF4B-00C04F79EFBC}") = "Assembly-CSharp", "Assembly-CSharp.csproj", "{351097A2-2FCC-FB08-55BA-CE9286FFC1B1}"
EndProject
Project("{FAE04EC0-301F-11D3-BF4B-00C04F79EFBC}") = "Assembly-CSharp-Editor", "Assembly-CSharp-Editor.csproj", "{CBFB2150-79AD-9DE2-3BF7-3E2989A50B93}"
EndProject
Global
	GlobalSection(SolutionConfigurationPlatforms) = preSolution
		Debug|Any CPU = Debug|Any CPU
		Release|Any CPU = Release|Any CPU
	EndGlobalSection
	GlobalSection(ProjectConfigurationPlatforms) = postSolution
		{351097A2-2FCC-FB08-55BA-CE9286FFC1B1}.Debug|Any CPU.ActiveCfg = Debug|Any CPU
		{351097A2-2FCC-FB08-55BA-CE9286FFC1B1}.Debug|Any CPU.Build.0 = Debug|Any CPU
		{351097A2-2FCC-FB08-55BA-CE9286FFC1B1}.Release|Any CPU.ActiveCfg = Release|Any CPU
		{351097A2-2FCC-FB08-55BA-CE9286FFC1B1}.Release|Any CPU.Build.0 = Release|Any CPU
		{CBFB2150-79AD-9DE2-3BF7-3E2989A50B93}.Debug|Any CPU.ActiveCfg = Debug|Any CPU
		{CBFB2150-79AD-9DE2-3BF7-3E2989A50B93}.Debug|Any CPU.Build.0 = Debug|Any CPU
		{CBFB2150-79AD-9DE2-3BF7-3E2989A50B93}.Release|Any CPU.ActiveCfg = Release|Any CPU
		{CBFB2150-79AD-9DE2-3BF7-3E2989A50B93}.Release|Any CPU.Build.0 = Release|Any CPU
	EndGlobalSection
	GlobalSection(SolutionProperties) = preSolution
		HideSolutionNode = FALSE
	EndGlobalSection
EndGlobal
